# This file is automatically @generated by Cargo.
# It is not intended for manual editing.
[[package]]
name = "async-backplane"
version = "0.1.0"
source = "registry+https://github.com/rust-lang/crates.io-index"
checksum = "a9a516d4104b6588c490dc3a656b889eb5583652c16928d6bc2e546a61b6cc2d"
dependencies = [
 "atomic-waker",
 "concurrent-queue",
 "futures-lite",
 "maybe-unwind",
 "pin-project-lite",
 "waker-queue",
]

[[package]]
name = "async-io"
version = "0.1.8"
source = "registry+https://github.com/rust-lang/crates.io-index"
checksum = "ebcd87dcd83e016eeda9d68c54d339668a87689f435e1c5784f9f3e308065d6b"
dependencies = [
 "cfg-if",
 "concurrent-queue",
 "futures-lite",
 "libc",
 "once_cell",
 "parking",
 "socket2",
 "vec-arena",
 "wepoll-sys-stjepang",
 "winapi",
]

[[package]]
name = "async-supervisor"
version = "0.1.0"
dependencies = [
 "async-backplane",
 "async-io",
 "futures-lite",
 "futures-many",
 "futures-micro",
 "simple-rate-limit",
]

[[package]]
name = "atomic-waker"
version = "1.0.0"
source = "registry+https://github.com/rust-lang/crates.io-index"
checksum = "065374052e7df7ee4047b1160cca5e1467a12351a40b3da123c870ba0b8eda2a"

[[package]]
name = "cache-padded"
version = "1.1.1"
source = "registry+https://github.com/rust-lang/crates.io-index"
checksum = "631ae5198c9be5e753e5cc215e1bd73c2b466a3565173db433f52bb9d3e66dba"

[[package]]
name = "cc"
version = "1.0.58"
source = "registry+https://github.com/rust-lang/crates.io-index"
checksum = "f9a06fb2e53271d7c279ec1efea6ab691c35a2ae67ec0d91d7acec0caf13b518"

[[package]]
name = "cfg-if"
version = "0.1.10"
source = "registry+https://github.com/rust-lang/crates.io-index"
checksum = "4785bdd1c96b2a846b2bd7cc02e86b6b3dbf14e7e53446c4f54c92a361040822"

[[package]]
name = "concurrent-queue"
version = "1.1.2"
source = "registry+https://github.com/rust-lang/crates.io-index"
checksum = "1582139bb74d97ef232c30bc236646017db06f13ee7cc01fa24c9e55640f86d4"
dependencies = [
 "cache-padded",
]

[[package]]
name = "fastrand"
version = "1.3.3"
source = "registry+https://github.com/rust-lang/crates.io-index"
checksum = "36a9cb09840f81cd211e435d00a4e487edd263dc3c8ff815c32dd76ad668ebed"

[[package]]
name = "futures-core"
version = "0.3.5"
source = "registry+https://github.com/rust-lang/crates.io-index"
checksum = "59f5fff90fd5d971f936ad674802482ba441b6f09ba5e15fd8b39145582ca399"

[[package]]
name = "futures-io"
version = "0.3.5"
source = "registry+https://github.com/rust-lang/crates.io-index"
checksum = "de27142b013a8e869c14957e6d2edeef89e97c289e69d042ee3a49acd8b51789"

[[package]]
name = "futures-lite"
version = "0.1.10"
source = "registry+https://github.com/rust-lang/crates.io-index"
checksum = "bbe71459749b2e8e66fb95df721b22fa08661ad384a0c5b519e11d3893b4692a"
dependencies = [
 "fastrand",
 "futures-core",
 "futures-io",
 "memchr",
 "parking",
 "pin-project-lite",
 "waker-fn",
]

[[package]]
name = "futures-many"
version = "0.1.0"
source = "git+https://github.com/irrustible/futures-many?branch=main#540c986c0c6b0447ba5337a253f41b9a55dc7820"
dependencies = [
 "futures-core",
 "futures-micro",
 "primitive_traits 0.2.0",
 "rle-bitset",
]

[[package]]
name = "futures-micro"
version = "0.2.0"
source = "registry+https://github.com/rust-lang/crates.io-index"
checksum = "765775ce35a7751af578419776aca3235658be6d89849c178c1b556d6db7aa54"

[[package]]
name = "libc"
version = "0.2.74"
source = "registry+https://github.com/rust-lang/crates.io-index"
checksum = "a2f02823cf78b754822df5f7f268fb59822e7296276d3e069d8e8cb26a14bd10"

[[package]]
name = "maybe-unwind"
version = "0.3.1"
source = "registry+https://github.com/rust-lang/crates.io-index"
checksum = "8f8f264861cca5d0943a472622980bf8624cc7ec2087a3c8d26b837ae92613cd"
dependencies = [
 "futures-core",
]

[[package]]
name = "memchr"
version = "2.3.3"
source = "registry+https://github.com/rust-lang/crates.io-index"
checksum = "3728d817d99e5ac407411fa471ff9800a778d88a24685968b36824eaf4bee400"

[[package]]
name = "once_cell"
version = "1.4.0"
source = "registry+https://github.com/rust-lang/crates.io-index"
checksum = "0b631f7e854af39a1739f401cf34a8a013dfe09eac4fa4dba91e9768bd28168d"

[[package]]
name = "parking"
version = "1.0.6"
source = "registry+https://github.com/rust-lang/crates.io-index"
checksum = "6cb300f271742d4a2a66c01b6b2fa0c83dfebd2e0bf11addb879a3547b4ed87c"

[[package]]
name = "pin-project-lite"
version = "0.1.7"
source = "registry+https://github.com/rust-lang/crates.io-index"
checksum = "282adbf10f2698a7a77f8e983a74b2d18176c19a7fd32a45446139ae7b02b715"

[[package]]
name = "primitive_traits"
version = "0.1.0"
source = "registry+https://github.com/rust-lang/crates.io-index"
checksum = "8f04c8d9cad48dd24ba746a3a9e0aa7dc80199eecf78e5d930917eb23d29023d"

[[package]]
name = "primitive_traits"
version = "0.2.0"
source = "registry+https://github.com/rust-lang/crates.io-index"
checksum = "ff1fce8f7e64aa6d866737c60f38b47dfc5863303bf7e2f68748db118d820eb3"

[[package]]
name = "redox_syscall"
version = "0.1.57"
source = "registry+https://github.com/rust-lang/crates.io-index"
checksum = "41cc0f7e4d5d4544e8861606a285bb08d3e70712ccc7d2b84d7c0ccfaf4b05ce"

[[package]]
name = "ring-vec"
version = "0.1.0"
source = "git+https://github.com/irrustible/ring-vec?branch=main#74379581dd5bebcfb2b89ff83265e6225fe61791"

[[package]]
name = "rle-bitset"
version = "0.1.0"
source = "registry+https://github.com/rust-lang/crates.io-index"
checksum = "2e1a58810d7d14aa63589fb56bb35dea4f571357d9f8855a15daba781865b195"
dependencies = [
 "primitive_traits 0.1.0",
]

[[package]]
name = "simple-rate-limit"
version = "0.1.0"
source = "git+https://github.com/irrustible/simple-rate-limit?branch=main#3e1b0c527f676510cc39131a12a5a1a89f1674a2"
dependencies = [
 "ring-vec",
]

[[package]]
name = "socket2"
version = "0.3.12"
source = "registry+https://github.com/rust-lang/crates.io-index"
checksum = "03088793f677dce356f3ccc2edb1b314ad191ab702a5de3faf49304f7e104918"
dependencies = [
 "cfg-if",
 "libc",
 "redox_syscall",
 "winapi",
]

[[package]]
name = "vec-arena"
version = "0.5.0"
source = "registry+https://github.com/rust-lang/crates.io-index"
checksum = "17dfb54bf57c9043f4616cb03dab30eff012cc26631b797d8354b916708db919"

[[package]]
name = "waker-fn"
version = "1.0.0"
source = "registry+https://github.com/rust-lang/crates.io-index"
checksum = "9571542c2ce85ce642e6b58b3364da2fb53526360dfb7c211add4f5c23105ff7"

[[package]]
name = "waker-queue"
version = "0.1.0"
source = "registry+https://github.com/rust-lang/crates.io-index"
checksum = "ab74d1a40ba941c730e4dbc71ae1be4a61df69669b5a3a876913fd9a1c1aceb5"
dependencies = [
 "atomic-waker",
 "concurrent-queue",
 "pin-project-lite",
]

[[package]]
name = "wepoll-sys-stjepang"
version = "1.0.6"
source = "registry+https://github.com/rust-lang/crates.io-index"
checksum = "6fd319e971980166b53e17b1026812ad66c6b54063be879eb182342b55284694"
dependencies = [
 "cc",
]

[[package]]
name = "winapi"
version = "0.3.9"
source = "registry+https://github.com/rust-lang/crates.io-index"
checksum = "5c839a674fcd7a98952e593242ea400abe93992746761e38641405d28b00f419"
dependencies = [
 "winapi-i686-pc-windows-gnu",
 "winapi-x86_64-pc-windows-gnu",
]

[[package]]
name = "winapi-i686-pc-windows-gnu"
version = "0.4.0"
source = "registry+https://github.com/rust-lang/crates.io-index"
checksum = "ac3b87c63620426dd9b991e5ce0329eff545bccbbb34f3be09ff6fb6ab51b7b6"

[[package]]
name = "winapi-x86_64-pc-windows-gnu"
version = "0.4.0"
source = "registry+https://github.com/rust-lang/crates.io-index"
checksum = "712e227841d057c1ee1cd2fb22fa7e5a5461ae8e48fa2ca79ec42cfc1931183f"
